
Microsoft Visual Studio Solution File, Format Version 12.00
# Visual Studio 15
VisualStudioVersion = 15.0.28307.168
MinimumVisualStudioVersion = 10.0.40219.1
Project("{FAE04EC0-301F-11D3-BF4B-00C04F79EFBC}") = "CampaignForProduct", "CampaignForProduct\CampaignForProduct.csproj", "{4C5E53A7-47C7-456C-95E3-463AA6D0AE74}"
EndProject
Project("{FAE04EC0-301F-11D3-BF4B-00C04F79EFBC}") = "CampaignForProduct.Tests", "CampaignForProduct.Tests\CampaignForProduct.Tests.csproj", "{AA71F00E-383E-4980-B464-0042BE0B1391}"
EndProject
Global
	GlobalSection(SolutionConfigurationPlatforms) = preSolution
		Debug|Any CPU = Debug|Any CPU
		Release|Any CPU = Release|Any CPU
	EndGlobalSection
	GlobalSection(ProjectConfigurationPlatforms) = postSolution
		{4C5E53A7-47C7-456C-95E3-463AA6D0AE74}.Debug|Any CPU.ActiveCfg = Debug|Any CPU
		{4C5E53A7-47C7-456C-95E3-463AA6D0AE74}.Debug|Any CPU.Build.0 = Debug|Any CPU
		{4C5E53A7-47C7-456C-95E3-463AA6D0AE74}.Release|Any CPU.ActiveCfg = Release|Any CPU
		{4C5E53A7-47C7-456C-95E3-463AA6D0AE74}.Release|Any CPU.Build.0 = Release|Any CPU
		{AA71F00E-383E-4980-B464-0042BE0B1391}.Debug|Any CPU.ActiveCfg = Debug|Any CPU
		{AA71F00E-383E-4980-B464-0042BE0B1391}.Debug|Any CPU.Build.0 = Debug|Any CPU
		{AA71F00E-383E-4980-B464-0042BE0B1391}.Release|Any CPU.ActiveCfg = Release|Any CPU
		{AA71F00E-383E-4980-B464-0042BE0B1391}.Release|Any CPU.Build.0 = Release|Any CPU
	EndGlobalSection
	GlobalSection(SolutionProperties) = preSolution
		HideSolutionNode = FALSE
	EndGlobalSection
	GlobalSection(ExtensibilityGlobals) = postSolution
		SolutionGuid = {C3B5562A-76E5-46E6-87DC-0F934EAA8251}
	EndGlobalSection
EndGlobal
